
Microsoft Visual Studio Solution File, Format Version 12.00
# Visual Studio Version 16
VisualStudioVersion = 16.6.30114.105
MinimumVisualStudioVersion = 10.0.40219.1
Project("{9A19103F-16F7-4668-BE54-9A1E7A4F7556}") = "TxFileSystem.Website", "Website\TxFileSystem.Website.csproj", "{52AD2C6A-3CD9-4024-AA5C-135BF899EBC4}"
EndProject
Project("{2150E333-8FDC-42A3-9474-1A3956D46DE8}") = "Solution Folder", "Solution Folder", "{D42232A0-342F-43F8-AFDD-5415B06B2E3F}"
	ProjectSection(SolutionItems) = preProject
		.gitignore = .gitignore
	EndProjectSection
EndProject
Project("{2150E333-8FDC-42A3-9474-1A3956D46DE8}") = "Documents", "Documents", "{84D3C9AD-6BBD-48A3-933E-94AA7853A5ED}"
	ProjectSection(SolutionItems) = preProject
		About.md = About.md
		License.md = License.md
		README.md = README.md
	EndProjectSection
EndProject
Global
	GlobalSection(SolutionConfigurationPlatforms) = preSolution
		Debug|Any CPU = Debug|Any CPU
		Debug|x64 = Debug|x64
		Debug|x86 = Debug|x86
		Release|Any CPU = Release|Any CPU
		Release|x64 = Release|x64
		Release|x86 = Release|x86
	EndGlobalSection
	GlobalSection(ProjectConfigurationPlatforms) = postSolution
		{52AD2C6A-3CD9-4024-AA5C-135BF899EBC4}.Debug|Any CPU.ActiveCfg = Debug|Any CPU
		{52AD2C6A-3CD9-4024-AA5C-135BF899EBC4}.Debug|Any CPU.Build.0 = Debug|Any CPU
		{52AD2C6A-3CD9-4024-AA5C-135BF899EBC4}.Debug|x64.ActiveCfg = Debug|Any CPU
		{52AD2C6A-3CD9-4024-AA5C-135BF899EBC4}.Debug|x64.Build.0 = Debug|Any CPU
		{52AD2C6A-3CD9-4024-AA5C-135BF899EBC4}.Debug|x86.ActiveCfg = Debug|Any CPU
		{52AD2C6A-3CD9-4024-AA5C-135BF899EBC4}.Debug|x86.Build.0 = Debug|Any CPU
		{52AD2C6A-3CD9-4024-AA5C-135BF899EBC4}.Release|Any CPU.ActiveCfg = Release|Any CPU
		{52AD2C6A-3CD9-4024-AA5C-135BF899EBC4}.Release|Any CPU.Build.0 = Release|Any CPU
		{52AD2C6A-3CD9-4024-AA5C-135BF899EBC4}.Release|x64.ActiveCfg = Release|Any CPU
		{52AD2C6A-3CD9-4024-AA5C-135BF899EBC4}.Release|x64.Build.0 = Release|Any CPU
		{52AD2C6A-3CD9-4024-AA5C-135BF899EBC4}.Release|x86.ActiveCfg = Release|Any CPU
		{52AD2C6A-3CD9-4024-AA5C-135BF899EBC4}.Release|x86.Build.0 = Release|Any CPU
	EndGlobalSection
	GlobalSection(SolutionProperties) = preSolution
		HideSolutionNode = FALSE
	EndGlobalSection
	GlobalSection(ExtensibilityGlobals) = postSolution
		SolutionGuid = {30A865BB-0E0C-488B-9845-7529DA06BCDB}
	EndGlobalSection
EndGlobal
